
Microsoft Visual Studio Solution File, Format Version 12.00
# Visual Studio Version 16
VisualStudioVersion = 16.0.31829.152
MinimumVisualStudioVersion = 10.0.40219.1
Project("{FAE04EC0-301F-11D3-BF4B-00C04F79EFBC}") = "ZooLab", "Src\ZooApp\ZooLab.csproj", "{EC759F85-B9B2-48D1-A504-9F7FE004A1CC}"
EndProject
Project("{FAE04EC0-301F-11D3-BF4B-00C04F79EFBC}") = "ZooLabTests", "Tests\ZooLabTests\ZooLabTests.csproj", "{C4670E9A-0760-4AB5-ACFE-3427C59F4363}"
EndProject
Global
	GlobalSection(SolutionConfigurationPlatforms) = preSolution
		Debug|Any CPU = Debug|Any CPU
		Release|Any CPU = Release|Any CPU
	EndGlobalSection
	GlobalSection(ProjectConfigurationPlatforms) = postSolution
		{EC759F85-B9B2-48D1-A504-9F7FE004A1CC}.Debug|Any CPU.ActiveCfg = Debug|Any CPU
		{EC759F85-B9B2-48D1-A504-9F7FE004A1CC}.Debug|Any CPU.Build.0 = Debug|Any CPU
		{EC759F85-B9B2-48D1-A504-9F7FE004A1CC}.Release|Any CPU.ActiveCfg = Release|Any CPU
		{EC759F85-B9B2-48D1-A504-9F7FE004A1CC}.Release|Any CPU.Build.0 = Release|Any CPU
		{C4670E9A-0760-4AB5-ACFE-3427C59F4363}.Debug|Any CPU.ActiveCfg = Debug|Any CPU
		{C4670E9A-0760-4AB5-ACFE-3427C59F4363}.Debug|Any CPU.Build.0 = Debug|Any CPU
		{C4670E9A-0760-4AB5-ACFE-3427C59F4363}.Release|Any CPU.ActiveCfg = Release|Any CPU
		{C4670E9A-0760-4AB5-ACFE-3427C59F4363}.Release|Any CPU.Build.0 = Release|Any CPU
	EndGlobalSection
	GlobalSection(SolutionProperties) = preSolution
		HideSolutionNode = FALSE
	EndGlobalSection
	GlobalSection(ExtensibilityGlobals) = postSolution
		SolutionGuid = {E877CD5A-E6A1-4AD0-9EC2-6F21B3B7325E}
	EndGlobalSection
EndGlobal
